
Microsoft Visual Studio Solution File, Format Version 12.00
Project("{2150E333-8FDC-42A3-9474-1A3956D46DE8}") = "0 - Presentation", "0 - Presentation", "{1680B681-5A63-4558-8467-9E0608CE428D}"
EndProject
Project("{2150E333-8FDC-42A3-9474-1A3956D46DE8}") = "1 - Services", "1 - Services", "{2B94A76F-DC43-4DF0-A736-A5F973C8D417}"
EndProject
Project("{2150E333-8FDC-42A3-9474-1A3956D46DE8}") = "2 - Application", "2 - Application", "{1E313984-438A-4C26-8E13-3951F9F1C660}"
EndProject
Project("{2150E333-8FDC-42A3-9474-1A3956D46DE8}") = "3 - Domain", "3 - Domain", "{06A8430B-9727-4822-9891-19D37E172528}"
EndProject
Project("{2150E333-8FDC-42A3-9474-1A3956D46DE8}") = "4 - Infrastructure", "4 - Infrastructure", "{16BA087A-5C14-4C60-A3E0-6594E7BB8630}"
EndProject
Project("{2150E333-8FDC-42A3-9474-1A3956D46DE8}") = "5 - Tests", "5 - Tests", "{AC751FC9-43E4-4EAF-A5E5-C3EC29738E7F}"
EndProject
Project("{FAE04EC0-301F-11D3-BF4B-00C04F79EFBC}") = "AmazingChat.Application", "AmazingChat.Application\AmazingChat.Application.csproj", "{E01D090E-796F-45E2-B786-1312C4727E22}"
EndProject
Project("{FAE04EC0-301F-11D3-BF4B-00C04F79EFBC}") = "AmazingChat.Domain", "AmazingChat.Domain\AmazingChat.Domain.csproj", "{CEC1CECE-FC33-4F20-B0E3-270A2AE26DAC}"
EndProject
Project("{2150E333-8FDC-42A3-9474-1A3956D46DE8}") = "4.1 - Data", "4.1 - Data", "{E4570F7E-07B7-44E3-9EC0-B7CE76E68B67}"
EndProject
Project("{2150E333-8FDC-42A3-9474-1A3956D46DE8}") = "4.2 - CrossCutting", "4.2 - CrossCutting", "{70402C37-C09B-4C76-B808-DA8107926D4A}"
EndProject
Project("{FAE04EC0-301F-11D3-BF4B-00C04F79EFBC}") = "AmazingChat.Infra.CrossCutting.IoC", "AmazingChat.Infra.CrossCutting.IoC\AmazingChat.Infra.CrossCutting.IoC.csproj", "{9FFFAAD3-A566-41AA-B6E8-E452B84789AA}"
EndProject
Project("{FAE04EC0-301F-11D3-BF4B-00C04F79EFBC}") = "AmazingChat.Infra.Data", "AmazingChat.Infra.Data\AmazingChat.Infra.Data.csproj", "{16AB90C6-8ADC-453E-B97D-F7029F5A40C9}"
EndProject
Project("{FAE04EC0-301F-11D3-BF4B-00C04F79EFBC}") = "AmazingChat.StockBot", "AmazingChat.StockBot\AmazingChat.StockBot.csproj", "{B173F187-DFD4-41A4-9D89-980095F55436}"
EndProject
Project("{FAE04EC0-301F-11D3-BF4B-00C04F79EFBC}") = "AmazingChat.SignalR", "AmazingChat.SignalR\AmazingChat.SignalR.csproj", "{2002ABA7-BD3D-4297-A516-71744E03AF2F}"
EndProject
Project("{FAE04EC0-301F-11D3-BF4B-00C04F79EFBC}") = "AmazingChat.MessageBot", "AmazingChat.MessageBot\AmazingChat.MessageBot.csproj", "{546DCBDD-CB23-4E3C-A02D-38B670987E6C}"
EndProject
Global
	GlobalSection(SolutionConfigurationPlatforms) = preSolution
		Debug|Any CPU = Debug|Any CPU
		Release|Any CPU = Release|Any CPU
	EndGlobalSection
	GlobalSection(NestedProjects) = preSolution
		{E01D090E-796F-45E2-B786-1312C4727E22} = {1E313984-438A-4C26-8E13-3951F9F1C660}
		{CEC1CECE-FC33-4F20-B0E3-270A2AE26DAC} = {06A8430B-9727-4822-9891-19D37E172528}
		{E4570F7E-07B7-44E3-9EC0-B7CE76E68B67} = {16BA087A-5C14-4C60-A3E0-6594E7BB8630}
		{70402C37-C09B-4C76-B808-DA8107926D4A} = {16BA087A-5C14-4C60-A3E0-6594E7BB8630}
		{9FFFAAD3-A566-41AA-B6E8-E452B84789AA} = {70402C37-C09B-4C76-B808-DA8107926D4A}
		{16AB90C6-8ADC-453E-B97D-F7029F5A40C9} = {E4570F7E-07B7-44E3-9EC0-B7CE76E68B67}
		{B173F187-DFD4-41A4-9D89-980095F55436} = {2B94A76F-DC43-4DF0-A736-A5F973C8D417}
		{2002ABA7-BD3D-4297-A516-71744E03AF2F} = {2B94A76F-DC43-4DF0-A736-A5F973C8D417}
		{546DCBDD-CB23-4E3C-A02D-38B670987E6C} = {2B94A76F-DC43-4DF0-A736-A5F973C8D417}
	EndGlobalSection
	GlobalSection(ProjectConfigurationPlatforms) = postSolution
		{E01D090E-796F-45E2-B786-1312C4727E22}.Debug|Any CPU.ActiveCfg = Debug|Any CPU
		{E01D090E-796F-45E2-B786-1312C4727E22}.Debug|Any CPU.Build.0 = Debug|Any CPU
		{E01D090E-796F-45E2-B786-1312C4727E22}.Release|Any CPU.ActiveCfg = Release|Any CPU
		{E01D090E-796F-45E2-B786-1312C4727E22}.Release|Any CPU.Build.0 = Release|Any CPU
		{CEC1CECE-FC33-4F20-B0E3-270A2AE26DAC}.Debug|Any CPU.ActiveCfg = Debug|Any CPU
		{CEC1CECE-FC33-4F20-B0E3-270A2AE26DAC}.Debug|Any CPU.Build.0 = Debug|Any CPU
		{CEC1CECE-FC33-4F20-B0E3-270A2AE26DAC}.Release|Any CPU.ActiveCfg = Release|Any CPU
		{CEC1CECE-FC33-4F20-B0E3-270A2AE26DAC}.Release|Any CPU.Build.0 = Release|Any CPU
		{9FFFAAD3-A566-41AA-B6E8-E452B84789AA}.Debug|Any CPU.ActiveCfg = Debug|Any CPU
		{9FFFAAD3-A566-41AA-B6E8-E452B84789AA}.Debug|Any CPU.Build.0 = Debug|Any CPU
		{9FFFAAD3-A566-41AA-B6E8-E452B84789AA}.Release|Any CPU.ActiveCfg = Release|Any CPU
		{9FFFAAD3-A566-41AA-B6E8-E452B84789AA}.Release|Any CPU.Build.0 = Release|Any CPU
		{16AB90C6-8ADC-453E-B97D-F7029F5A40C9}.Debug|Any CPU.ActiveCfg = Debug|Any CPU
		{16AB90C6-8ADC-453E-B97D-F7029F5A40C9}.Debug|Any CPU.Build.0 = Debug|Any CPU
		{16AB90C6-8ADC-453E-B97D-F7029F5A40C9}.Release|Any CPU.ActiveCfg = Release|Any CPU
		{16AB90C6-8ADC-453E-B97D-F7029F5A40C9}.Release|Any CPU.Build.0 = Release|Any CPU
		{B173F187-DFD4-41A4-9D89-980095F55436}.Debug|Any CPU.ActiveCfg = Debug|Any CPU
		{B173F187-DFD4-41A4-9D89-980095F55436}.Debug|Any CPU.Build.0 = Debug|Any CPU
		{B173F187-DFD4-41A4-9D89-980095F55436}.Release|Any CPU.ActiveCfg = Release|Any CPU
		{B173F187-DFD4-41A4-9D89-980095F55436}.Release|Any CPU.Build.0 = Release|Any CPU
		{2002ABA7-BD3D-4297-A516-71744E03AF2F}.Debug|Any CPU.ActiveCfg = Debug|Any CPU
		{2002ABA7-BD3D-4297-A516-71744E03AF2F}.Debug|Any CPU.Build.0 = Debug|Any CPU
		{2002ABA7-BD3D-4297-A516-71744E03AF2F}.Release|Any CPU.ActiveCfg = Release|Any CPU
		{2002ABA7-BD3D-4297-A516-71744E03AF2F}.Release|Any CPU.Build.0 = Release|Any CPU
		{546DCBDD-CB23-4E3C-A02D-38B670987E6C}.Debug|Any CPU.ActiveCfg = Debug|Any CPU
		{546DCBDD-CB23-4E3C-A02D-38B670987E6C}.Debug|Any CPU.Build.0 = Debug|Any CPU
		{546DCBDD-CB23-4E3C-A02D-38B670987E6C}.Release|Any CPU.ActiveCfg = Release|Any CPU
		{546DCBDD-CB23-4E3C-A02D-38B670987E6C}.Release|Any CPU.Build.0 = Release|Any CPU
	EndGlobalSection
EndGlobal
